
Microsoft Visual Studio Solution File, Format Version 12.00
# Visual Studio 15
Project("{FAE04EC0-301F-11D3-BF4B-00C04F79EFBC}") = "VRM", "VRM.csproj", "{64F5CD92-8A89-5C8A-FE27-C3F9D09BC9A7}"
EndProject
Project("{FAE04EC0-301F-11D3-BF4B-00C04F79EFBC}") = "UniJSON", "UniJSON.csproj", "{38C65973-54E5-2C0A-0AE9-5D9DD77F1E87}"
EndProject
Project("{FAE04EC0-301F-11D3-BF4B-00C04F79EFBC}") = "DepthFirstScheduler", "DepthFirstScheduler.csproj", "{B6021FBD-BD50-A477-22EE-8DE135FEE359}"
EndProject
Project("{FAE04EC0-301F-11D3-BF4B-00C04F79EFBC}") = "MToon", "MToon.csproj", "{15574782-1749-F8AF-4B90-BCFC124D5C3F}"
EndProject
Project("{FAE04EC0-301F-11D3-BF4B-00C04F79EFBC}") = "UniHumanoid", "UniHumanoid.csproj", "{3256A543-BA04-7040-2B99-2E2762DC5CC8}"
EndProject
Project("{FAE04EC0-301F-11D3-BF4B-00C04F79EFBC}") = "Assembly-CSharp", "Assembly-CSharp.csproj", "{E5C00A68-E6DB-FEA3-938C-F34D364EA738}"
EndProject
Project("{FAE04EC0-301F-11D3-BF4B-00C04F79EFBC}") = "ShaderProperty.Runtime", "ShaderProperty.Runtime.csproj", "{617DE08C-3C04-EDB4-AAB6-56B09BE21138}"
EndProject
Project("{FAE04EC0-301F-11D3-BF4B-00C04F79EFBC}") = "UniUnlit", "UniUnlit.csproj", "{FCF3DC91-D60B-8C14-0626-F8B722A0A4C5}"
EndProject
Project("{FAE04EC0-301F-11D3-BF4B-00C04F79EFBC}") = "UniJSON.Editor.Tests", "UniJSON.Editor.Tests.csproj", "{D74A856B-8527-ECD2-A25A-8EB30E149CE9}"
EndProject
Project("{FAE04EC0-301F-11D3-BF4B-00C04F79EFBC}") = "UniVRM.Editor", "UniVRM.Editor.csproj", "{3F9DBD9A-E16B-C233-7BE8-304651BD794E}"
EndProject
Project("{FAE04EC0-301F-11D3-BF4B-00C04F79EFBC}") = "UniHumanoid.Editor", "UniHumanoid.Editor.csproj", "{A2D47746-13CD-7AEE-0217-EDA30B9475D2}"
EndProject
Project("{FAE04EC0-301F-11D3-BF4B-00C04F79EFBC}") = "UniGLTF.Editor.Tests", "UniGLTF.Editor.Tests.csproj", "{91D32DB0-126D-9B9E-1E39-096FE8A3BE93}"
EndProject
Project("{FAE04EC0-301F-11D3-BF4B-00C04F79EFBC}") = "UniGLTF.Editor", "UniGLTF.Editor.csproj", "{8DF04E54-B404-1A56-AAE3-5C8ED7A9EFDB}"
EndProject
Project("{FAE04EC0-301F-11D3-BF4B-00C04F79EFBC}") = "UniVRM.Editor.Tests", "UniVRM.Editor.Tests.csproj", "{874ABD4D-F652-14CA-44FC-1D15FEADEF20}"
EndProject
Project("{FAE04EC0-301F-11D3-BF4B-00C04F79EFBC}") = "UniUnlit.Editor", "UniUnlit.Editor.csproj", "{4FFC3840-9F88-0C2F-EEE5-B9085789EBD1}"
EndProject
Project("{FAE04EC0-301F-11D3-BF4B-00C04F79EFBC}") = "ShaderProperty.Editor", "ShaderProperty.Editor.csproj", "{24587DB3-D191-08B4-7A99-ED5F19EC4B60}"
EndProject
Project("{FAE04EC0-301F-11D3-BF4B-00C04F79EFBC}") = "MToon.Editor", "MToon.Editor.csproj", "{41E044A3-C658-9BD0-7747-58F22EF9231D}"
EndProject
Project("{FAE04EC0-301F-11D3-BF4B-00C04F79EFBC}") = "DepthFirstScheduler.Editor.Tests", "DepthFirstScheduler.Editor.Tests.csproj", "{2CD581F8-AD46-D55A-575E-10AE659E95CB}"
EndProject
Project("{FAE04EC0-301F-11D3-BF4B-00C04F79EFBC}") = "UniHumanoid.Editor.Tests", "UniHumanoid.Editor.Tests.csproj", "{5E9CC073-B93E-7B6D-2CCE-8311AABB782C}"
EndProject
Global
	GlobalSection(SolutionConfigurationPlatforms) = preSolution
		Debug|Any CPU = Debug|Any CPU
		Release|Any CPU = Release|Any CPU
	EndGlobalSection
	GlobalSection(ProjectConfigurationPlatforms) = postSolution
		{64F5CD92-8A89-5C8A-FE27-C3F9D09BC9A7}.Debug|Any CPU.ActiveCfg = Debug|Any CPU
		{64F5CD92-8A89-5C8A-FE27-C3F9D09BC9A7}.Debug|Any CPU.Build.0 = Debug|Any CPU
		{64F5CD92-8A89-5C8A-FE27-C3F9D09BC9A7}.Release|Any CPU.ActiveCfg = Release|Any CPU
		{64F5CD92-8A89-5C8A-FE27-C3F9D09BC9A7}.Release|Any CPU.Build.0 = Release|Any CPU
		{38C65973-54E5-2C0A-0AE9-5D9DD77F1E87}.Debug|Any CPU.ActiveCfg = Debug|Any CPU
		{38C65973-54E5-2C0A-0AE9-5D9DD77F1E87}.Debug|Any CPU.Build.0 = Debug|Any CPU
		{38C65973-54E5-2C0A-0AE9-5D9DD77F1E87}.Release|Any CPU.ActiveCfg = Release|Any CPU
		{38C65973-54E5-2C0A-0AE9-5D9DD77F1E87}.Release|Any CPU.Build.0 = Release|Any CPU
		{B6021FBD-BD50-A477-22EE-8DE135FEE359}.Debug|Any CPU.ActiveCfg = Debug|Any CPU
		{B6021FBD-BD50-A477-22EE-8DE135FEE359}.Debug|Any CPU.Build.0 = Debug|Any CPU
		{B6021FBD-BD50-A477-22EE-8DE135FEE359}.Release|Any CPU.ActiveCfg = Release|Any CPU
		{B6021FBD-BD50-A477-22EE-8DE135FEE359}.Release|Any CPU.Build.0 = Release|Any CPU
		{15574782-1749-F8AF-4B90-BCFC124D5C3F}.Debug|Any CPU.ActiveCfg = Debug|Any CPU
		{15574782-1749-F8AF-4B90-BCFC124D5C3F}.Debug|Any CPU.Build.0 = Debug|Any CPU
		{15574782-1749-F8AF-4B90-BCFC124D5C3F}.Release|Any CPU.ActiveCfg = Release|Any CPU
		{15574782-1749-F8AF-4B90-BCFC124D5C3F}.Release|Any CPU.Build.0 = Release|Any CPU
		{3256A543-BA04-7040-2B99-2E2762DC5CC8}.Debug|Any CPU.ActiveCfg = Debug|Any CPU
		{3256A543-BA04-7040-2B99-2E2762DC5CC8}.Debug|Any CPU.Build.0 = Debug|Any CPU
		{3256A543-BA04-7040-2B99-2E2762DC5CC8}.Release|Any CPU.ActiveCfg = Release|Any CPU
		{3256A543-BA04-7040-2B99-2E2762DC5CC8}.Release|Any CPU.Build.0 = Release|Any CPU
		{E5C00A68-E6DB-FEA3-938C-F34D364EA738}.Debug|Any CPU.ActiveCfg = Debug|Any CPU
		{E5C00A68-E6DB-FEA3-938C-F34D364EA738}.Debug|Any CPU.Build.0 = Debug|Any CPU
		{E5C00A68-E6DB-FEA3-938C-F34D364EA738}.Release|Any CPU.ActiveCfg = Release|Any CPU
		{E5C00A68-E6DB-FEA3-938C-F34D364EA738}.Release|Any CPU.Build.0 = Release|Any CPU
		{617DE08C-3C04-EDB4-AAB6-56B09BE21138}.Debug|Any CPU.ActiveCfg = Debug|Any CPU
		{617DE08C-3C04-EDB4-AAB6-56B09BE21138}.Debug|Any CPU.Build.0 = Debug|Any CPU
		{617DE08C-3C04-EDB4-AAB6-56B09BE21138}.Release|Any CPU.ActiveCfg = Release|Any CPU
		{617DE08C-3C04-EDB4-AAB6-56B09BE21138}.Release|Any CPU.Build.0 = Release|Any CPU
		{FCF3DC91-D60B-8C14-0626-F8B722A0A4C5}.Debug|Any CPU.ActiveCfg = Debug|Any CPU
		{FCF3DC91-D60B-8C14-0626-F8B722A0A4C5}.Debug|Any CPU.Build.0 = Debug|Any CPU
		{FCF3DC91-D60B-8C14-0626-F8B722A0A4C5}.Release|Any CPU.ActiveCfg = Release|Any CPU
		{FCF3DC91-D60B-8C14-0626-F8B722A0A4C5}.Release|Any CPU.Build.0 = Release|Any CPU
		{D74A856B-8527-ECD2-A25A-8EB30E149CE9}.Debug|Any CPU.ActiveCfg = Debug|Any CPU
		{D74A856B-8527-ECD2-A25A-8EB30E149CE9}.Debug|Any CPU.Build.0 = Debug|Any CPU
		{D74A856B-8527-ECD2-A25A-8EB30E149CE9}.Release|Any CPU.ActiveCfg = Release|Any CPU
		{D74A856B-8527-ECD2-A25A-8EB30E149CE9}.Release|Any CPU.Build.0 = Release|Any CPU
		{3F9DBD9A-E16B-C233-7BE8-304651BD794E}.Debug|Any CPU.ActiveCfg = Debug|Any CPU
		{3F9DBD9A-E16B-C233-7BE8-304651BD794E}.Debug|Any CPU.Build.0 = Debug|Any CPU
		{3F9DBD9A-E16B-C233-7BE8-304651BD794E}.Release|Any CPU.ActiveCfg = Release|Any CPU
		{3F9DBD9A-E16B-C233-7BE8-304651BD794E}.Release|Any CPU.Build.0 = Release|Any CPU
		{A2D47746-13CD-7AEE-0217-EDA30B9475D2}.Debug|Any CPU.ActiveCfg = Debug|Any CPU
		{A2D47746-13CD-7AEE-0217-EDA30B9475D2}.Debug|Any CPU.Build.0 = Debug|Any CPU
		{A2D47746-13CD-7AEE-0217-EDA30B9475D2}.Release|Any CPU.ActiveCfg = Release|Any CPU
		{A2D47746-13CD-7AEE-0217-EDA30B9475D2}.Release|Any CPU.Build.0 = Release|Any CPU
		{91D32DB0-126D-9B9E-1E39-096FE8A3BE93}.Debug|Any CPU.ActiveCfg = Debug|Any CPU
		{91D32DB0-126D-9B9E-1E39-096FE8A3BE93}.Debug|Any CPU.Build.0 = Debug|Any CPU
		{91D32DB0-126D-9B9E-1E39-096FE8A3BE93}.Release|Any CPU.ActiveCfg = Release|Any CPU
		{91D32DB0-126D-9B9E-1E39-096FE8A3BE93}.Release|Any CPU.Build.0 = Release|Any CPU
		{8DF04E54-B404-1A56-AAE3-5C8ED7A9EFDB}.Debug|Any CPU.ActiveCfg = Debug|Any CPU
		{8DF04E54-B404-1A56-AAE3-5C8ED7A9EFDB}.Debug|Any CPU.Build.0 = Debug|Any CPU
		{8DF04E54-B404-1A56-AAE3-5C8ED7A9EFDB}.Release|Any CPU.ActiveCfg = Release|Any CPU
		{8DF04E54-B404-1A56-AAE3-5C8ED7A9EFDB}.Release|Any CPU.Build.0 = Release|Any CPU
		{874ABD4D-F652-14CA-44FC-1D15FEADEF20}.Debug|Any CPU.ActiveCfg = Debug|Any CPU
		{874ABD4D-F652-14CA-44FC-1D15FEADEF20}.Debug|Any CPU.Build.0 = Debug|Any CPU
		{874ABD4D-F652-14CA-44FC-1D15FEADEF20}.Release|Any CPU.ActiveCfg = Release|Any CPU
		{874ABD4D-F652-14CA-44FC-1D15FEADEF20}.Release|Any CPU.Build.0 = Release|Any CPU
		{4FFC3840-9F88-0C2F-EEE5-B9085789EBD1}.Debug|Any CPU.ActiveCfg = Debug|Any CPU
		{4FFC3840-9F88-0C2F-EEE5-B9085789EBD1}.Debug|Any CPU.Build.0 = Debug|Any CPU
		{4FFC3840-9F88-0C2F-EEE5-B9085789EBD1}.Release|Any CPU.ActiveCfg = Release|Any CPU
		{4FFC3840-9F88-0C2F-EEE5-B9085789EBD1}.Release|Any CPU.Build.0 = Release|Any CPU
		{24587DB3-D191-08B4-7A99-ED5F19EC4B60}.Debug|Any CPU.ActiveCfg = Debug|Any CPU
		{24587DB3-D191-08B4-7A99-ED5F19EC4B60}.Debug|Any CPU.Build.0 = Debug|Any CPU
		{24587DB3-D191-08B4-7A99-ED5F19EC4B60}.Release|Any CPU.ActiveCfg = Release|Any CPU
		{24587DB3-D191-08B4-7A99-ED5F19EC4B60}.Release|Any CPU.Build.0 = Release|Any CPU
		{41E044A3-C658-9BD0-7747-58F22EF9231D}.Debug|Any CPU.ActiveCfg = Debug|Any CPU
		{41E044A3-C658-9BD0-7747-58F22EF9231D}.Debug|Any CPU.Build.0 = Debug|Any CPU
		{41E044A3-C658-9BD0-7747-58F22EF9231D}.Release|Any CPU.ActiveCfg = Release|Any CPU
		{41E044A3-C658-9BD0-7747-58F22EF9231D}.Release|Any CPU.Build.0 = Release|Any CPU
		{2CD581F8-AD46-D55A-575E-10AE659E95CB}.Debug|Any CPU.ActiveCfg = Debug|Any CPU
		{2CD581F8-AD46-D55A-575E-10AE659E95CB}.Debug|Any CPU.Build.0 = Debug|Any CPU
		{2CD581F8-AD46-D55A-575E-10AE659E95CB}.Release|Any CPU.ActiveCfg = Release|Any CPU
		{2CD581F8-AD46-D55A-575E-10AE659E95CB}.Release|Any CPU.Build.0 = Release|Any CPU
		{5E9CC073-B93E-7B6D-2CCE-8311AABB782C}.Debug|Any CPU.ActiveCfg = Debug|Any CPU
		{5E9CC073-B93E-7B6D-2CCE-8311AABB782C}.Debug|Any CPU.Build.0 = Debug|Any CPU
		{5E9CC073-B93E-7B6D-2CCE-8311AABB782C}.Release|Any CPU.ActiveCfg = Release|Any CPU
		{5E9CC073-B93E-7B6D-2CCE-8311AABB782C}.Release|Any CPU.Build.0 = Release|Any CPU
	EndGlobalSection
	GlobalSection(SolutionProperties) = preSolution
		HideSolutionNode = FALSE
	EndGlobalSection
EndGlobal
